
Microsoft Visual Studio Solution File, Format Version 12.00
# Visual Studio Version 16
VisualStudioVersion = 16.0.32901.82
MinimumVisualStudioVersion = 10.0.40219.1
Project("{FAE04EC0-301F-11D3-BF4B-00C04F79EFBC}") = "ORAInventario", "ORAInventario\ORAInventario.csproj", "{D78CF63B-CC91-48B4-AD25-2E58B056D33C}"
EndProject
Project("{FAE04EC0-301F-11D3-BF4B-00C04F79EFBC}") = "ORAInventario.Entidades", "ORAInventario.Entidades\ORAInventario.Entidades.csproj", "{0484B459-0DBB-426B-A80E-077BBA8F16D0}"
EndProject
Project("{FAE04EC0-301F-11D3-BF4B-00C04F79EFBC}") = "ORAInventario.Servicios", "ORAInventario.Servicios\ORAInventario.Servicios.csproj", "{DDEE1946-7E9D-4843-AAD1-5DF75EF121B2}"
EndProject
Project("{FAE04EC0-301F-11D3-BF4B-00C04F79EFBC}") = "ORAInventario.Conexion", "ORAInventario.Generales\ORAInventario.Conexion.csproj", "{12FD5963-1349-4C85-8806-6815164051D2}"
EndProject
Project("{FAE04EC0-301F-11D3-BF4B-00C04F79EFBC}") = "ORAInventario.Logica", "ORAInventario.Logica\ORAInventario.Logica.csproj", "{77BFDC88-6FCB-4009-BF8F-CDB88E215B94}"
EndProject
Project("{54435603-DBB4-11D2-8724-00A0C9A8B90C}") = "ORAInventario.Setup", "ORAInventario.Setup\ORAInventario.Setup.vdproj", "{E75F5015-0876-45D5-96D1-87B0FEBED8D3}"
EndProject
Global
	GlobalSection(SolutionConfigurationPlatforms) = preSolution
		Debug|Any CPU = Debug|Any CPU
		Release|Any CPU = Release|Any CPU
	EndGlobalSection
	GlobalSection(ProjectConfigurationPlatforms) = postSolution
		{D78CF63B-CC91-48B4-AD25-2E58B056D33C}.Debug|Any CPU.ActiveCfg = Debug|Any CPU
		{D78CF63B-CC91-48B4-AD25-2E58B056D33C}.Debug|Any CPU.Build.0 = Debug|Any CPU
		{D78CF63B-CC91-48B4-AD25-2E58B056D33C}.Release|Any CPU.ActiveCfg = Release|Any CPU
		{D78CF63B-CC91-48B4-AD25-2E58B056D33C}.Release|Any CPU.Build.0 = Release|Any CPU
		{0484B459-0DBB-426B-A80E-077BBA8F16D0}.Debug|Any CPU.ActiveCfg = Debug|Any CPU
		{0484B459-0DBB-426B-A80E-077BBA8F16D0}.Debug|Any CPU.Build.0 = Debug|Any CPU
		{0484B459-0DBB-426B-A80E-077BBA8F16D0}.Release|Any CPU.ActiveCfg = Release|Any CPU
		{0484B459-0DBB-426B-A80E-077BBA8F16D0}.Release|Any CPU.Build.0 = Release|Any CPU
		{DDEE1946-7E9D-4843-AAD1-5DF75EF121B2}.Debug|Any CPU.ActiveCfg = Debug|Any CPU
		{DDEE1946-7E9D-4843-AAD1-5DF75EF121B2}.Debug|Any CPU.Build.0 = Debug|Any CPU
		{DDEE1946-7E9D-4843-AAD1-5DF75EF121B2}.Release|Any CPU.ActiveCfg = Release|Any CPU
		{DDEE1946-7E9D-4843-AAD1-5DF75EF121B2}.Release|Any CPU.Build.0 = Release|Any CPU
		{12FD5963-1349-4C85-8806-6815164051D2}.Debug|Any CPU.ActiveCfg = Debug|Any CPU
		{12FD5963-1349-4C85-8806-6815164051D2}.Debug|Any CPU.Build.0 = Debug|Any CPU
		{12FD5963-1349-4C85-8806-6815164051D2}.Release|Any CPU.ActiveCfg = Release|Any CPU
		{12FD5963-1349-4C85-8806-6815164051D2}.Release|Any CPU.Build.0 = Release|Any CPU
		{77BFDC88-6FCB-4009-BF8F-CDB88E215B94}.Debug|Any CPU.ActiveCfg = Debug|Any CPU
		{77BFDC88-6FCB-4009-BF8F-CDB88E215B94}.Debug|Any CPU.Build.0 = Debug|Any CPU
		{77BFDC88-6FCB-4009-BF8F-CDB88E215B94}.Release|Any CPU.ActiveCfg = Release|Any CPU
		{77BFDC88-6FCB-4009-BF8F-CDB88E215B94}.Release|Any CPU.Build.0 = Release|Any CPU
		{E75F5015-0876-45D5-96D1-87B0FEBED8D3}.Debug|Any CPU.ActiveCfg = Debug
		{E75F5015-0876-45D5-96D1-87B0FEBED8D3}.Release|Any CPU.ActiveCfg = Release
	EndGlobalSection
	GlobalSection(SolutionProperties) = preSolution
		HideSolutionNode = FALSE
	EndGlobalSection
	GlobalSection(ExtensibilityGlobals) = postSolution
		SolutionGuid = {D026AF62-8925-4686-BFA4-DECE9A8D657A}
	EndGlobalSection
EndGlobal
